
Microsoft Visual Studio Solution File, Format Version 12.00
# Visual Studio Version 16
VisualStudioVersion = 16.0.30114.105
MinimumVisualStudioVersion = 10.0.40219.1
Project("{FAE04EC0-301F-11D3-BF4B-00C04F79EFBC}") = "ResponseService", "ResponseService\ResponseService.csproj", "{F5F55837-6401-4BD4-909C-56E54AF72763}"
EndProject
Project("{FAE04EC0-301F-11D3-BF4B-00C04F79EFBC}") = "RequestService", "RequestService\RequestService.csproj", "{79A51E36-8E00-4543-9478-582DDE03F634}"
EndProject
Global
	GlobalSection(SolutionConfigurationPlatforms) = preSolution
		Debug|Any CPU = Debug|Any CPU
		Release|Any CPU = Release|Any CPU
	EndGlobalSection
	GlobalSection(SolutionProperties) = preSolution
		HideSolutionNode = FALSE
	EndGlobalSection
	GlobalSection(ProjectConfigurationPlatforms) = postSolution
		{F5F55837-6401-4BD4-909C-56E54AF72763}.Debug|Any CPU.ActiveCfg = Debug|Any CPU
		{F5F55837-6401-4BD4-909C-56E54AF72763}.Debug|Any CPU.Build.0 = Debug|Any CPU
		{F5F55837-6401-4BD4-909C-56E54AF72763}.Release|Any CPU.ActiveCfg = Release|Any CPU
		{F5F55837-6401-4BD4-909C-56E54AF72763}.Release|Any CPU.Build.0 = Release|Any CPU
		{79A51E36-8E00-4543-9478-582DDE03F634}.Debug|Any CPU.ActiveCfg = Debug|Any CPU
		{79A51E36-8E00-4543-9478-582DDE03F634}.Debug|Any CPU.Build.0 = Debug|Any CPU
		{79A51E36-8E00-4543-9478-582DDE03F634}.Release|Any CPU.ActiveCfg = Release|Any CPU
		{79A51E36-8E00-4543-9478-582DDE03F634}.Release|Any CPU.Build.0 = Release|Any CPU
	EndGlobalSection
EndGlobal
